
Microsoft Visual Studio Solution File, Format Version 12.00
# Visual Studio Version 16
VisualStudioVersion = 16.0.31005.135
MinimumVisualStudioVersion = 10.0.40219.1
Project("{9A19103F-16F7-4668-BE54-9A1E7A4F7556}") = "AbdoZDiningHeaven.App", "AbdoZDiningHeaven.App\AbdoZDiningHeaven.App.csproj", "{DBD33191-E283-4177-8EE4-CC5537996E55}"
EndProject
Project("{9A19103F-16F7-4668-BE54-9A1E7A4F7556}") = "AbdoZDiningHeaven.Core", "AbdoZDiningHeaven.Core\AbdoZDiningHeaven.Core.csproj", "{8E3845C4-1D92-4B0C-A40A-B6504B6B08AF}"
EndProject
Project("{9A19103F-16F7-4668-BE54-9A1E7A4F7556}") = "AbdoZDiningHeaven.Data", "AbdoZDiningHeaven.Data\AbdoZDiningHeaven.Data.csproj", "{5397595C-51F9-4FCA-9224-0FC21C15F7FD}"
EndProject
Global
	GlobalSection(SolutionConfigurationPlatforms) = preSolution
		Debug|Any CPU = Debug|Any CPU
		Release|Any CPU = Release|Any CPU
	EndGlobalSection
	GlobalSection(ProjectConfigurationPlatforms) = postSolution
		{DBD33191-E283-4177-8EE4-CC5537996E55}.Debug|Any CPU.ActiveCfg = Debug|Any CPU
		{DBD33191-E283-4177-8EE4-CC5537996E55}.Debug|Any CPU.Build.0 = Debug|Any CPU
		{DBD33191-E283-4177-8EE4-CC5537996E55}.Release|Any CPU.ActiveCfg = Release|Any CPU
		{DBD33191-E283-4177-8EE4-CC5537996E55}.Release|Any CPU.Build.0 = Release|Any CPU
		{8E3845C4-1D92-4B0C-A40A-B6504B6B08AF}.Debug|Any CPU.ActiveCfg = Debug|Any CPU
		{8E3845C4-1D92-4B0C-A40A-B6504B6B08AF}.Debug|Any CPU.Build.0 = Debug|Any CPU
		{8E3845C4-1D92-4B0C-A40A-B6504B6B08AF}.Release|Any CPU.ActiveCfg = Release|Any CPU
		{8E3845C4-1D92-4B0C-A40A-B6504B6B08AF}.Release|Any CPU.Build.0 = Release|Any CPU
		{5397595C-51F9-4FCA-9224-0FC21C15F7FD}.Debug|Any CPU.ActiveCfg = Debug|Any CPU
		{5397595C-51F9-4FCA-9224-0FC21C15F7FD}.Debug|Any CPU.Build.0 = Debug|Any CPU
		{5397595C-51F9-4FCA-9224-0FC21C15F7FD}.Release|Any CPU.ActiveCfg = Release|Any CPU
		{5397595C-51F9-4FCA-9224-0FC21C15F7FD}.Release|Any CPU.Build.0 = Release|Any CPU
	EndGlobalSection
	GlobalSection(SolutionProperties) = preSolution
		HideSolutionNode = FALSE
	EndGlobalSection
	GlobalSection(ExtensibilityGlobals) = postSolution
		SolutionGuid = {47C00C51-4D5F-4527-AAD2-5EAF2397DE21}
	EndGlobalSection
EndGlobal
